
Microsoft Visual Studio Solution File, Format Version 12.00
# Visual Studio Version 17
VisualStudioVersion = 17.4.33103.184
MinimumVisualStudioVersion = 10.0.40219.1
Project("{9A19103F-16F7-4668-BE54-9A1E7A4F7556}") = "Hybrid Chat Server", "Hybrid Chat Server.csproj", "{2EF017A8-4F18-4EFF-A18D-D088A88F830C}"
EndProject
Project("{9A19103F-16F7-4668-BE54-9A1E7A4F7556}") = "Hybrid Chat Client", "..\Hybrid Chat Client\Hybrid Chat Client.csproj", "{2C726D8B-2185-411D-B010-490B8E63EE64}"
EndProject
Global
	GlobalSection(SolutionConfigurationPlatforms) = preSolution
		Debug|Any CPU = Debug|Any CPU
		Release|Any CPU = Release|Any CPU
	EndGlobalSection
	GlobalSection(ProjectConfigurationPlatforms) = postSolution
		{2EF017A8-4F18-4EFF-A18D-D088A88F830C}.Debug|Any CPU.ActiveCfg = Debug|Any CPU
		{2EF017A8-4F18-4EFF-A18D-D088A88F830C}.Debug|Any CPU.Build.0 = Debug|Any CPU
		{2EF017A8-4F18-4EFF-A18D-D088A88F830C}.Release|Any CPU.ActiveCfg = Release|Any CPU
		{2EF017A8-4F18-4EFF-A18D-D088A88F830C}.Release|Any CPU.Build.0 = Release|Any CPU
		{2C726D8B-2185-411D-B010-490B8E63EE64}.Debug|Any CPU.ActiveCfg = Debug|Any CPU
		{2C726D8B-2185-411D-B010-490B8E63EE64}.Debug|Any CPU.Build.0 = Debug|Any CPU
		{2C726D8B-2185-411D-B010-490B8E63EE64}.Release|Any CPU.ActiveCfg = Release|Any CPU
		{2C726D8B-2185-411D-B010-490B8E63EE64}.Release|Any CPU.Build.0 = Release|Any CPU
	EndGlobalSection
	GlobalSection(SolutionProperties) = preSolution
		HideSolutionNode = FALSE
	EndGlobalSection
	GlobalSection(ExtensibilityGlobals) = postSolution
		SolutionGuid = {B17F9F4B-2574-42E4-9D95-0EB780FEA3A9}
	EndGlobalSection
EndGlobal
